
Microsoft Visual Studio Solution File, Format Version 12.00
# Visual Studio Version 17
VisualStudioVersion = 17.7.34202.233
MinimumVisualStudioVersion = 10.0.40219.1
Project("{FAE04EC0-301F-11D3-BF4B-00C04F79EFBC}") = "angelTool", "angelTool\angelTool.csproj", "{EF6A38E4-62B5-48A9-B858-E4673BEC4148}"
EndProject
Global
	GlobalSection(SolutionConfigurationPlatforms) = preSolution
		Debug|Any CPU = Debug|Any CPU
		Release|Any CPU = Release|Any CPU
	EndGlobalSection
	GlobalSection(ProjectConfigurationPlatforms) = postSolution
		{EF6A38E4-62B5-48A9-B858-E4673BEC4148}.Debug|Any CPU.ActiveCfg = Debug|Any CPU
		{EF6A38E4-62B5-48A9-B858-E4673BEC4148}.Debug|Any CPU.Build.0 = Debug|Any CPU
		{EF6A38E4-62B5-48A9-B858-E4673BEC4148}.Release|Any CPU.ActiveCfg = Release|Any CPU
		{EF6A38E4-62B5-48A9-B858-E4673BEC4148}.Release|Any CPU.Build.0 = Release|Any CPU
	EndGlobalSection
	GlobalSection(SolutionProperties) = preSolution
		HideSolutionNode = FALSE
	EndGlobalSection
	GlobalSection(ExtensibilityGlobals) = postSolution
		SolutionGuid = {5EAF1CCE-FB4A-450D-AE84-C841863C9D96}
	EndGlobalSection
EndGlobal
